// !$*UTF8*$!
{
	archiveVersion = 1;
	classes = {
	};
	objectVersion = 48;
	objects = {

/* Begin PBXBuildFile section */
		BF7DE36F1F7AC99F00018223 /* AppDelegate.swift in Sources */ = {isa = PBXBuildFile; fileRef = BF7DE36E1F7AC99F00018223 /* AppDelegate.swift */; };
		BF7DE3711F7AC99F00018223 /* ViewController.swift in Sources */ = {isa = PBXBuildFile; fileRef = BF7DE3701F7AC99F00018223 /* ViewController.swift */; };
		BF7DE3741F7AC99F00018223 /* Main.storyboard in Resources */ = {isa = PBXBuildFile; fileRef = BF7DE3721F7AC99F00018223 /* Main.storyboard */; };
		BF7DE3761F7AC99F00018223 /* Assets.xcassets in Resources */ = {isa = PBXBuildFile; fileRef = BF7DE3751F7AC99F00018223 /* Assets.xcassets */; };
		BF7DE3791F7AC99F00018223 /* LaunchScreen.storyboard in Resources */ = {isa = PBXBuildFile; fileRef = BF7DE3771F7AC99F00018223 /* LaunchScreen.storyboard */; };
		BF7DE3811F7ACE7D00018223 /* ToDoTableViewController.swift in Sources */ = {isa = PBXBuildFile; fileRef = BF7DE3801F7ACE7D00018223 /* ToDoTableViewController.swift */; };
		BF7DE3831F7ADBA000018223 /* ToDo.swift in Sources */ = {isa = PBXBuildFile; fileRef = BF7DE3821F7ADBA000018223 /* ToDo.swift */; };
		BF7DE3851F7ADE9100018223 /* ToDoTableViewCell.swift in Sources */ = {isa = PBXBuildFile; fileRef = BF7DE3841F7ADE9100018223 /* ToDoTableViewCell.swift */; };
		BF92802F1F7C7A38006C0E85 /* DetailTableViewCell.swift in Sources */ = {isa = PBXBuildFile; fileRef = BF92802E1F7C7A38006C0E85 /* DetailTableViewCell.swift */; };
/* End PBXBuildFile section */

/* Begin PBXFileReference section */
		BF7DE36B1F7AC99F00018223 /* ToDoList.app */ = {isa = PBXFileReference; explicitFileType = wrapper.application; includeInIndex = 0; path = ToDoList.app; sourceTree = BUILT_PRODUCTS_DIR; };
		BF7DE36E1F7AC99F00018223 /* AppDelegate.swift */ = {isa = PBXFileReference; lastKnownFileType = sourcecode.swift; path = AppDelegate.swift; sourceTree = "<group>"; };
		BF7DE3701F7AC99F00018223 /* ViewController.swift */ = {isa = PBXFileReference; lastKnownFileType = sourcecode.swift; path = ViewController.swift; sourceTree = "<group>"; };
		BF7DE3731F7AC99F00018223 /* Base */ = {isa = PBXFileReference; lastKnownFileType = file.storyboard; name = Base; path = Base.lproj/Main.storyboard; sourceTree = "<group>"; };
		BF7DE3751F7AC99F00018223 /* Assets.xcassets */ = {isa = PBXFileReference; lastKnownFileType = folder.assetcatalog; path = Assets.xcassets; sourceTree = "<group>"; };
		BF7DE3781F7AC99F00018223 /* Base */ = {isa = PBXFileReference; lastKnownFileType = file.storyboard; name = Base; path = Base.lproj/LaunchScreen.storyboard; sourceTree = "<group>"; };
		BF7DE37A1F7AC99F00018223 /* Info.plist */ = {isa = PBXFileReference; lastKnownFileType = text.plist.xml; path = Info.plist; sourceTree = "<group>"; };
		BF7DE3801F7ACE7D00018223 /* ToDoTableViewController.swift */ = {isa = PBXFileReference; lastKnownFileType = sourcecode.swift; path = ToDoTableViewController.swift; sourceTree = "<group>"; };
		BF7DE3821F7ADBA000018223 /* ToDo.swift */ = {isa = PBXFileReference; lastKnownFileType = sourcecode.swift; path = ToDo.swift; sourceTree = "<group>"; };
		BF7DE3841F7ADE9100018223 /* ToDoTableViewCell.swift */ = {isa = PBXFileReference; lastKnownFileType = sourcecode.swift; path = ToDoTableViewCell.swift; sourceTree = "<group>"; };
		BF92802E1F7C7A38006C0E85 /* DetailTableViewCell.swift */ = {isa = PBXFileReference; lastKnownFileType = sourcecode.swift; path = DetailTableViewCell.swift; sourceTree = "<group>"; };
/* End PBXFileReference section */

/* Begin PBXFrameworksBuildPhase section */
		BF7DE3681F7AC99F00018223 /* Frameworks */ = {
			isa = PBXFrameworksBuildPhase;
			buildActionMask = 2147483647;
			files = (
			);
			runOnlyForDeploymentPostprocessing = 0;
		};
/* End PBXFrameworksBuildPhase section */

/* Begin PBXGroup section */
		BF7DE3621F7AC99F00018223 = {
			isa = PBXGroup;
			children = (
				BF7DE36D1F7AC99F00018223 /* ToDoList */,
				BF7DE36C1F7AC99F00018223 /* Products */,
			);
			sourceTree = "<group>";
		};
		BF7DE36C1F7AC99F00018223 /* Products */ = {
			isa = PBXGroup;
			children = (
				BF7DE36B1F7AC99F00018223 /* ToDoList.app */,
			);
			name = Products;
			sourceTree = "<group>";
		};
		BF7DE36D1F7AC99F00018223 /* ToDoList */ = {
			isa = PBXGroup;
			children = (
				BF7DE36E1F7AC99F00018223 /* AppDelegate.swift */,
				BFB8D1541FE19EFB00EFF68E /* Class */,
				BFB8D1531FE19EEB00EFF68E /* MainTableView */,
				BFB8D1521FE19ED700EFF68E /* DetailTableView */,
				BF7DE3721F7AC99F00018223 /* Main.storyboard */,
				BF7DE3751F7AC99F00018223 /* Assets.xcassets */,
				BF7DE3771F7AC99F00018223 /* LaunchScreen.storyboard */,
				BF7DE37A1F7AC99F00018223 /* Info.plist */,
			);
			path = ToDoList;
			sourceTree = "<group>";
		};
		BFB8D1521FE19ED700EFF68E /* DetailTableView */ = {
			isa = PBXGroup;
			children = (
				BF7DE3701F7AC99F00018223 /* ViewController.swift */,
				BF92802E1F7C7A38006C0E85 /* DetailTableViewCell.swift */,
			);
			path = DetailTableView;
			sourceTree = "<group>";
		};
		BFB8D1531FE19EEB00EFF68E /* MainTableView */ = {
			isa = PBXGroup;
			children = (
				BF7DE3801F7ACE7D00018223 /* ToDoTableViewController.swift */,
				BF7DE3841F7ADE9100018223 /* ToDoTableViewCell.swift */,
			);
			path = MainTableView;
			sourceTree = "<group>";
		};
		BFB8D1541FE19EFB00EFF68E /* Class */ = {
			isa = PBXGroup;
			children = (
				BF7DE3821F7ADBA000018223 /* ToDo.swift */,
			);
			path = Class;
			sourceTree = "<group>";
		};
/* End PBXGroup section */

/* Begin PBXNativeTarget section */
		BF7DE36A1F7AC99F00018223 /* ToDoList */ = {
			isa = PBXNativeTarget;
			buildConfigurationList = BF7DE37D1F7AC99F00018223 /* Build configuration list for PBXNativeTarget "ToDoList" */;
			buildPhases = (
				BF7DE3671F7AC99F00018223 /* Sources */,
				BF7DE3681F7AC99F00018223 /* Frameworks */,
				BF7DE3691F7AC99F00018223 /* Resources */,
			);
			buildRules = (
			);
			dependencies = (
			);
			name = ToDoList;
			productName = ToDoList;
			productReference = BF7DE36B1F7AC99F00018223 /* ToDoList.app */;
			productType = "com.apple.product-type.application";
		};
/* End PBXNativeTarget section */

/* Begin PBXProject section */
		BF7DE3631F7AC99F00018223 /* Project object */ = {
			isa = PBXProject;
			attributes = {
				LastSwiftUpdateCheck = 0900;
				LastUpgradeCheck = 0900;
				ORGANIZATIONNAME = "jun lee";
				TargetAttributes = {
					BF7DE36A1F7AC99F00018223 = {
						CreatedOnToolsVersion = 9.0;
						ProvisioningStyle = Automatic;
					};
				};
			};
			buildConfigurationList = BF7DE3661F7AC99F00018223 /* Build configuration list for PBXProject "ToDoList" */;
			compatibilityVersion = "Xcode 8.0";
			developmentRegion = en;
			hasScannedForEncodings = 0;
			knownRegions = (
				en,
				Base,
			);
			mainGroup = BF7DE3621F7AC99F00018223;
			productRefGroup = BF7DE36C1F7AC99F00018223 /* Products */;
			projectDirPath = "";
			projectRoot = "";
			targets = (
				BF7DE36A1F7AC99F00018223 /* ToDoList */,
			);
		};
/* End PBXProject section */

/* Begin PBXResourcesBuildPhase section */
		BF7DE3691F7AC99F00018223 /* Resources */ = {
			isa = PBXResourcesBuildPhase;
			buildActionMask = 2147483647;
			files = (
				BF7DE3791F7AC99F00018223 /* LaunchScreen.storyboard in Resources */,
				BF7DE3761F7AC99F00018223 /* Assets.xcassets in Resources */,
				BF7DE3741F7AC99F00018223 /* Main.storyboard in Resources */,
			);
			runOnlyForDeploymentPostprocessing = 0;
		};
/* End PBXResourcesBuildPhase section */

/* Begin PBXSourcesBuildPhase section */
		BF7DE3671F7AC99F00018223 /* Sources */ = {
			isa = PBXSourcesBuildPhase;
			buildActionMask = 2147483647;
			files = (
				BF92802F1F7C7A38006C0E85 /* DetailTableViewCell.swift in Sources */,
				BF7DE3711F7AC99F00018223 /* ViewController.swift in Sources */,
				BF7DE3811F7ACE7D00018223 /* ToDoTableViewController.swift in Sources */,
				BF7DE36F1F7AC99F00018223 /* AppDelegate.swift in Sources */,
				BF7DE3831F7ADBA000018223 /* ToDo.swift in Sources */,
				BF7DE3851F7ADE9100018223 /* ToDoTableViewCell.swift in Sources */,
			);
			runOnlyForDeploymentPostprocessing = 0;
		};
/* End PBXSourcesBuildPhase section */

/* Begin PBXVariantGroup section */
		BF7DE3721F7AC99F00018223 /* Main.storyboard */ = {
			isa = PBXVariantGroup;
			children = (
				BF7DE3731F7AC99F00018223 /* Base */,
			);
			name = Main.storyboard;
			sourceTree = "<group>";
		};
		BF7DE3771F7AC99F00018223 /* LaunchScreen.storyboard */ = {
			isa = PBXVariantGroup;
			children = (
				BF7DE3781F7AC99F00018223 /* Base */,
			);
			name = LaunchScreen.storyboard;
			sourceTree = "<group>";
		};
/* End PBXVariantGroup section */

/* Begin XCBuildConfiguration section */
		BF7DE37B1F7AC99F00018223 /* Debug */ = {
			isa = XCBuildConfiguration;
			buildSettings = {
				ALWAYS_SEARCH_USER_PATHS = NO;
				CLANG_ANALYZER_NONNULL = YES;
				CLANG_ANALYZER_NUMBER_OBJECT_CONVERSION = YES_AGGRESSIVE;
				CLANG_CXX_LANGUAGE_STANDARD = "gnu++14";
				CLANG_CXX_LIBRARY = "libc++";
				CLANG_ENABLE_MODULES = YES;
				CLANG_ENABLE_OBJC_ARC = YES;
				CLANG_WARN_BLOCK_CAPTURE_AUTORELEASING = YES;
				CLANG_WARN_BOOL_CONVERSION = YES;
				CLANG_WARN_COMMA = YES;
				CLANG_WARN_CONSTANT_CONVERSION = YES;
				CLANG_WARN_DIRECT_OBJC_ISA_USAGE = YES_ERROR;
				CLANG_WARN_DOCUMENTATION_COMMENTS = YES;
				CLANG_WARN_EMPTY_BODY = YES;
				CLANG_WARN_ENUM_CONVERSION = YES;
				CLANG_WARN_INFINITE_RECURSION = YES;
				CLANG_WARN_INT_CONVERSION = YES;
				CLANG_WARN_NON_LITERAL_NULL_CONVERSION = YES;
				CLANG_WARN_OBJC_LITERAL_CONVERSION = YES;
				CLANG_WARN_OBJC_ROOT_CLASS = YES_ERROR;
				CLANG_WARN_RANGE_LOOP_ANALYSIS = YES;
				CLANG_WARN_STRICT_PROTOTYPES = YES;
				CLANG_WARN_SUSPICIOUS_MOVE = YES;
				CLANG_WARN_UNGUARDED_AVAILABILITY = YES_AGGRESSIVE;
				CLANG_WARN_UNREACHABLE_CODE = YES;
				CLANG_WARN__DUPLICATE_METHOD_MATCH = YES;
				CODE_SIGN_IDENTITY = "iPhone Developer";
				COPY_PHASE_STRIP = NO;
				DEBUG_INFORMATION_FORMAT = dwarf;
				ENABLE_STRICT_OBJC_MSGSEND = YES;
				ENABLE_TESTABILITY = YES;
				GCC_C_LANGUAGE_STANDARD = gnu11;
				GCC_DYNAMIC_NO_PIC = NO;
				GCC_NO_COMMON_BLOCKS = YES;
				GCC_OPTIMIZATION_LEVEL = 0;
				GCC_PREPROCESSOR_DEFINITIONS = (
					"DEBUG=1",
					"$(inherited)",
				);
				GCC_WARN_64_TO_32_BIT_CONVERSION = YES;
				GCC_WARN_ABOUT_RETURN_TYPE = YES_ERROR;
				GCC_WARN_UNDECLARED_SELECTOR = YES;
				GCC_WARN_UNINITIALIZED_AUTOS = YES_AGGRESSIVE;
				GCC_WARN_UNUSED_FUNCTION = YES;
				GCC_WARN_UNUSED_VARIABLE = YES;
				IPHONEOS_DEPLOYMENT_TARGET = 11.0;
				MTL_ENABLE_DEBUG_INFO = YES;
				ONLY_ACTIVE_ARCH = YES;
				SDKROOT = iphoneos;
				SWIFT_ACTIVE_COMPILATION_CONDITIONS = DEBUG;
				SWIFT_OPTIMIZATION_LEVEL = "-Onone";
			};
			name = Debug;
		};
		BF7DE37C1F7AC99F00018223 /* Release */ = {
			isa = XCBuildConfiguration;
			buildSettings = {
				ALWAYS_SEARCH_USER_PATHS = NO;
				CLANG_ANALYZER_NONNULL = YES;
				CLANG_ANALYZER_NUMBER_OBJECT_CONVERSION = YES_AGGRESSIVE;
				CLANG_CXX_LANGUAGE_STANDARD = "gnu++14";
				CLANG_CXX_LIBRARY = "libc++";
				CLANG_ENABLE_MODULES = YES;
				CLANG_ENABLE_OBJC_ARC = YES;
				CLANG_WARN_BLOCK_CAPTURE_AUTORELEASING = YES;
				CLANG_WARN_BOOL_CONVERSION = YES;
				CLANG_WARN_COMMA = YES;
				CLANG_WARN_CONSTANT_CONVERSION = YES;
				CLANG_WARN_DIRECT_OBJC_ISA_USAGE = YES_ERROR;
				CLANG_WARN_DOCUMENTATION_COMMENTS = YES;
				CLANG_WARN_EMPTY_BODY = YES;
				CLANG_WARN_ENUM_CONVERSION = YES;
				CLANG_WARN_INFINITE_RECURSION = YES;
				CLANG_WARN_INT_CONVERSION = YES;
				CLANG_WARN_NON_LITERAL_NULL_CONVERSION = YES;
				CLANG_WARN_OBJC_LITERAL_CONVERSION = YES;
				CLANG_WARN_OBJC_ROOT_CLASS = YES_ERROR;
				CLANG_WARN_RANGE_LOOP_ANALYSIS = YES;
				CLANG_WARN_STRICT_PROTOTYPES = YES;
				CLANG_WARN_SUSPICIOUS_MOVE = YES;
				CLANG_WARN_UNGUARDED_AVAILABILITY = YES_AGGRESSIVE;
				CLANG_WARN_UNREACHABLE_CODE = YES;
				CLANG_WARN__DUPLICATE_METHOD_MATCH = YES;
				CODE_SIGN_IDENTITY = "iPhone Developer";
				COPY_PHASE_STRIP = NO;
				DEBUG_INFORMATION_FORMAT = "dwarf-with-dsym";
				ENABLE_NS_ASSERTIONS = NO;
				ENABLE_STRICT_OBJC_MSGSEND = YES;
				GCC_C_LANGUAGE_STANDARD = gnu11;
				GCC_NO_COMMON_BLOCKS = YES;
				GCC_WARN_64_TO_32_BIT_CONVERSION = YES;
				GCC_WARN_ABOUT_RETURN_TYPE = YES_ERROR;
				GCC_WARN_UNDECLARED_SELECTOR = YES;
				GCC_WARN_UNINITIALIZED_AUTOS = YES_AGGRESSIVE;
				GCC_WARN_UNUSED_FUNCTION = YES;
				GCC_WARN_UNUSED_VARIABLE = YES;
				IPHONEOS_DEPLOYMENT_TARGET = 11.0;
				MTL_ENABLE_DEBUG_INFO = NO;
				SDKROOT = iphoneos;
				SWIFT_OPTIMIZATION_LEVEL = "-Owholemodule";
				VALIDATE_PRODUCT = YES;
			};
			name = Release;
		};
		BF7DE37E1F7AC99F00018223 /* Debug */ = {
			isa = XCBuildConfiguration;
			buildSettings = {
				ASSETCATALOG_COMPILER_APPICON_NAME = AppIcon;
				CODE_SIGN_STYLE = Automatic;
				DEVELOPMENT_TEAM = NZB3G5T334;
				INFOPLIST_FILE = ToDoList/Info.plist;
				LD_RUNPATH_SEARCH_PATHS = "$(inherited) @executable_path/Frameworks";
				PRODUCT_BUNDLE_IDENTIFIER = Junny.ToDoList;
				PRODUCT_NAME = "$(TARGET_NAME)";
				SWIFT_VERSION = 4.0;
				TARGETED_DEVICE_FAMILY = "1,2";
			};
			name = Debug;
		};
		BF7DE37F1F7AC99F00018223 /* Release */ = {
			isa = XCBuildConfiguration;
			buildSettings = {
				ASSETCATALOG_COMPILER_APPICON_NAME = AppIcon;
				CODE_SIGN_STYLE = Automatic;
				DEVELOPMENT_TEAM = NZB3G5T334;
				INFOPLIST_FILE = ToDoList/Info.plist;
				LD_RUNPATH_SEARCH_PATHS = "$(inherited) @executable_path/Frameworks";
				PRODUCT_BUNDLE_IDENTIFIER = Junny.ToDoList;
				PRODUCT_NAME = "$(TARGET_NAME)";
				SWIFT_VERSION = 4.0;
				TARGETED_DEVICE_FAMILY = "1,2";
			};
			name = Release;
		};
/* End XCBuildConfiguration section */

/* Begin XCConfigurationList section */
		BF7DE3661F7AC99F00018223 /* Build configuration list for PBXProject "ToDoList" */ = {
			isa = XCConfigurationList;
			buildConfigurations = (
				BF7DE37B1F7AC99F00018223 /* Debug */,
				BF7DE37C1F7AC99F00018223 /* Release */,
			);
			defaultConfigurationIsVisible = 0;
			defaultConfigurationName = Release;
		};
		BF7DE37D1F7AC99F00018223 /* Build configuration list for PBXNativeTarget "ToDoList" */ = {
			isa = XCConfigurationList;
			buildConfigurations = (
				BF7DE37E1F7AC99F00018223 /* Debug */,
				BF7DE37F1F7AC99F00018223 /* Release */,
			);
			defaultConfigurationIsVisible = 0;
			defaultConfigurationName = Release;
		};
/* End XCConfigurationList section */
	};
	rootObject = BF7DE3631F7AC99F00018223 /* Project object */;
}
